
Microsoft Visual Studio Solution File, Format Version 12.00
# Visual Studio Version 17
VisualStudioVersion = 17.14.36414.22
MinimumVisualStudioVersion = 10.0.40219.1
Project("{FAE04EC0-301F-11D3-BF4B-00C04F79EFBC}") = "SlotMachine", "ConsoleApp1\SlotMachine.csproj", "{B7DA1056-789B-4C4B-B200-D6B837ED528C}"
EndProject
Global
	GlobalSection(SolutionConfigurationPlatforms) = preSolution
		Debug|Any CPU = Debug|Any CPU
		Release|Any CPU = Release|Any CPU
	EndGlobalSection
	GlobalSection(ProjectConfigurationPlatforms) = postSolution
		{B7DA1056-789B-4C4B-B200-D6B837ED528C}.Debug|Any CPU.ActiveCfg = Debug|Any CPU
		{B7DA1056-789B-4C4B-B200-D6B837ED528C}.Debug|Any CPU.Build.0 = Debug|Any CPU
		{B7DA1056-789B-4C4B-B200-D6B837ED528C}.Release|Any CPU.ActiveCfg = Release|Any CPU
		{B7DA1056-789B-4C4B-B200-D6B837ED528C}.Release|Any CPU.Build.0 = Release|Any CPU
	EndGlobalSection
	GlobalSection(SolutionProperties) = preSolution
		HideSolutionNode = FALSE
	EndGlobalSection
	GlobalSection(ExtensibilityGlobals) = postSolution
		SolutionGuid = {7A7B0B69-7E78-49DC-B315-A2957525BA96}
	EndGlobalSection
EndGlobal
